
Microsoft Visual Studio Solution File, Format Version 12.00
# Visual Studio 15
VisualStudioVersion = 15.0.26124.0
MinimumVisualStudioVersion = 15.0.26124.0
Project("{FAE04EC0-301F-11D3-BF4B-00C04F79EFBC}") = "buylowsellhigh", "src\buylowsellhigh.csproj", "{22CCCC76-361B-4900-85C9-AA099C96B240}"
EndProject
Project("{FAE04EC0-301F-11D3-BF4B-00C04F79EFBC}") = "buylowsellhigh.test", "test\buylowsellhigh.test.csproj", "{AAA0E898-8EBF-4E62-A912-1DC2178983FD}"
EndProject
Global
	GlobalSection(SolutionConfigurationPlatforms) = preSolution
		Debug|Any CPU = Debug|Any CPU
		Debug|x64 = Debug|x64
		Debug|x86 = Debug|x86
		Release|Any CPU = Release|Any CPU
		Release|x64 = Release|x64
		Release|x86 = Release|x86
	EndGlobalSection
	GlobalSection(SolutionProperties) = preSolution
		HideSolutionNode = FALSE
	EndGlobalSection
	GlobalSection(ProjectConfigurationPlatforms) = postSolution
		{22CCCC76-361B-4900-85C9-AA099C96B240}.Debug|Any CPU.ActiveCfg = Debug|Any CPU
		{22CCCC76-361B-4900-85C9-AA099C96B240}.Debug|Any CPU.Build.0 = Debug|Any CPU
		{22CCCC76-361B-4900-85C9-AA099C96B240}.Debug|x64.ActiveCfg = Debug|Any CPU
		{22CCCC76-361B-4900-85C9-AA099C96B240}.Debug|x64.Build.0 = Debug|Any CPU
		{22CCCC76-361B-4900-85C9-AA099C96B240}.Debug|x86.ActiveCfg = Debug|Any CPU
		{22CCCC76-361B-4900-85C9-AA099C96B240}.Debug|x86.Build.0 = Debug|Any CPU
		{22CCCC76-361B-4900-85C9-AA099C96B240}.Release|Any CPU.ActiveCfg = Release|Any CPU
		{22CCCC76-361B-4900-85C9-AA099C96B240}.Release|Any CPU.Build.0 = Release|Any CPU
		{22CCCC76-361B-4900-85C9-AA099C96B240}.Release|x64.ActiveCfg = Release|Any CPU
		{22CCCC76-361B-4900-85C9-AA099C96B240}.Release|x64.Build.0 = Release|Any CPU
		{22CCCC76-361B-4900-85C9-AA099C96B240}.Release|x86.ActiveCfg = Release|Any CPU
		{22CCCC76-361B-4900-85C9-AA099C96B240}.Release|x86.Build.0 = Release|Any CPU
		{AAA0E898-8EBF-4E62-A912-1DC2178983FD}.Debug|Any CPU.ActiveCfg = Debug|Any CPU
		{AAA0E898-8EBF-4E62-A912-1DC2178983FD}.Debug|Any CPU.Build.0 = Debug|Any CPU
		{AAA0E898-8EBF-4E62-A912-1DC2178983FD}.Debug|x64.ActiveCfg = Debug|Any CPU
		{AAA0E898-8EBF-4E62-A912-1DC2178983FD}.Debug|x64.Build.0 = Debug|Any CPU
		{AAA0E898-8EBF-4E62-A912-1DC2178983FD}.Debug|x86.ActiveCfg = Debug|Any CPU
		{AAA0E898-8EBF-4E62-A912-1DC2178983FD}.Debug|x86.Build.0 = Debug|Any CPU
		{AAA0E898-8EBF-4E62-A912-1DC2178983FD}.Release|Any CPU.ActiveCfg = Release|Any CPU
		{AAA0E898-8EBF-4E62-A912-1DC2178983FD}.Release|Any CPU.Build.0 = Release|Any CPU
		{AAA0E898-8EBF-4E62-A912-1DC2178983FD}.Release|x64.ActiveCfg = Release|Any CPU
		{AAA0E898-8EBF-4E62-A912-1DC2178983FD}.Release|x64.Build.0 = Release|Any CPU
		{AAA0E898-8EBF-4E62-A912-1DC2178983FD}.Release|x86.ActiveCfg = Release|Any CPU
		{AAA0E898-8EBF-4E62-A912-1DC2178983FD}.Release|x86.Build.0 = Release|Any CPU
	EndGlobalSection
EndGlobal
