
Microsoft Visual Studio Solution File, Format Version 12.00
# Visual Studio 15
VisualStudioVersion = 15.0.26124.0
MinimumVisualStudioVersion = 15.0.26124.0
Project("{FAE04EC0-301F-11D3-BF4B-00C04F79EFBC}") = "StringToInt", "src\StringToInt.csproj", "{447F1AFF-A1CF-45FD-9A7A-825C91A3A229}"
EndProject
Project("{FAE04EC0-301F-11D3-BF4B-00C04F79EFBC}") = "test", "test\test.csproj", "{0D62CF63-F16C-4DF1-A468-CFB647E1D576}"
EndProject
Global
	GlobalSection(SolutionConfigurationPlatforms) = preSolution
		Debug|Any CPU = Debug|Any CPU
		Debug|x64 = Debug|x64
		Debug|x86 = Debug|x86
		Release|Any CPU = Release|Any CPU
		Release|x64 = Release|x64
		Release|x86 = Release|x86
	EndGlobalSection
	GlobalSection(SolutionProperties) = preSolution
		HideSolutionNode = FALSE
	EndGlobalSection
	GlobalSection(ProjectConfigurationPlatforms) = postSolution
		{447F1AFF-A1CF-45FD-9A7A-825C91A3A229}.Debug|Any CPU.ActiveCfg = Debug|Any CPU
		{447F1AFF-A1CF-45FD-9A7A-825C91A3A229}.Debug|Any CPU.Build.0 = Debug|Any CPU
		{447F1AFF-A1CF-45FD-9A7A-825C91A3A229}.Debug|x64.ActiveCfg = Debug|Any CPU
		{447F1AFF-A1CF-45FD-9A7A-825C91A3A229}.Debug|x64.Build.0 = Debug|Any CPU
		{447F1AFF-A1CF-45FD-9A7A-825C91A3A229}.Debug|x86.ActiveCfg = Debug|Any CPU
		{447F1AFF-A1CF-45FD-9A7A-825C91A3A229}.Debug|x86.Build.0 = Debug|Any CPU
		{447F1AFF-A1CF-45FD-9A7A-825C91A3A229}.Release|Any CPU.ActiveCfg = Release|Any CPU
		{447F1AFF-A1CF-45FD-9A7A-825C91A3A229}.Release|Any CPU.Build.0 = Release|Any CPU
		{447F1AFF-A1CF-45FD-9A7A-825C91A3A229}.Release|x64.ActiveCfg = Release|Any CPU
		{447F1AFF-A1CF-45FD-9A7A-825C91A3A229}.Release|x64.Build.0 = Release|Any CPU
		{447F1AFF-A1CF-45FD-9A7A-825C91A3A229}.Release|x86.ActiveCfg = Release|Any CPU
		{447F1AFF-A1CF-45FD-9A7A-825C91A3A229}.Release|x86.Build.0 = Release|Any CPU
		{0D62CF63-F16C-4DF1-A468-CFB647E1D576}.Debug|Any CPU.ActiveCfg = Debug|Any CPU
		{0D62CF63-F16C-4DF1-A468-CFB647E1D576}.Debug|Any CPU.Build.0 = Debug|Any CPU
		{0D62CF63-F16C-4DF1-A468-CFB647E1D576}.Debug|x64.ActiveCfg = Debug|Any CPU
		{0D62CF63-F16C-4DF1-A468-CFB647E1D576}.Debug|x64.Build.0 = Debug|Any CPU
		{0D62CF63-F16C-4DF1-A468-CFB647E1D576}.Debug|x86.ActiveCfg = Debug|Any CPU
		{0D62CF63-F16C-4DF1-A468-CFB647E1D576}.Debug|x86.Build.0 = Debug|Any CPU
		{0D62CF63-F16C-4DF1-A468-CFB647E1D576}.Release|Any CPU.ActiveCfg = Release|Any CPU
		{0D62CF63-F16C-4DF1-A468-CFB647E1D576}.Release|Any CPU.Build.0 = Release|Any CPU
		{0D62CF63-F16C-4DF1-A468-CFB647E1D576}.Release|x64.ActiveCfg = Release|Any CPU
		{0D62CF63-F16C-4DF1-A468-CFB647E1D576}.Release|x64.Build.0 = Release|Any CPU
		{0D62CF63-F16C-4DF1-A468-CFB647E1D576}.Release|x86.ActiveCfg = Release|Any CPU
		{0D62CF63-F16C-4DF1-A468-CFB647E1D576}.Release|x86.Build.0 = Release|Any CPU
	EndGlobalSection
EndGlobal
