
Microsoft Visual Studio Solution File, Format Version 12.00
# Visual Studio Version 16
VisualStudioVersion = 16.0.30114.105
MinimumVisualStudioVersion = 10.0.40219.1
Project("{FAE04EC0-301F-11D3-BF4B-00C04F79EFBC}") = "test", "test\test.csproj", "{8FF88199-03C3-4235-AEBC-5CD3BDD99394}"
EndProject
Project("{FAE04EC0-301F-11D3-BF4B-00C04F79EFBC}") = "src", "src\src.csproj", "{A8A98E26-15E3-4A76-A4DE-0CD9730F131F}"
EndProject
Global
	GlobalSection(SolutionConfigurationPlatforms) = preSolution
		Debug|Any CPU = Debug|Any CPU
		Release|Any CPU = Release|Any CPU
	EndGlobalSection
	GlobalSection(SolutionProperties) = preSolution
		HideSolutionNode = FALSE
	EndGlobalSection
	GlobalSection(ProjectConfigurationPlatforms) = postSolution
		{8FF88199-03C3-4235-AEBC-5CD3BDD99394}.Debug|Any CPU.ActiveCfg = Debug|Any CPU
		{8FF88199-03C3-4235-AEBC-5CD3BDD99394}.Debug|Any CPU.Build.0 = Debug|Any CPU
		{8FF88199-03C3-4235-AEBC-5CD3BDD99394}.Release|Any CPU.ActiveCfg = Release|Any CPU
		{8FF88199-03C3-4235-AEBC-5CD3BDD99394}.Release|Any CPU.Build.0 = Release|Any CPU
		{A8A98E26-15E3-4A76-A4DE-0CD9730F131F}.Debug|Any CPU.ActiveCfg = Debug|Any CPU
		{A8A98E26-15E3-4A76-A4DE-0CD9730F131F}.Debug|Any CPU.Build.0 = Debug|Any CPU
		{A8A98E26-15E3-4A76-A4DE-0CD9730F131F}.Release|Any CPU.ActiveCfg = Release|Any CPU
		{A8A98E26-15E3-4A76-A4DE-0CD9730F131F}.Release|Any CPU.Build.0 = Release|Any CPU
	EndGlobalSection
EndGlobal
