
Microsoft Visual Studio Solution File, Format Version 12.00
# Visual Studio Version 16
VisualStudioVersion = 16.0.30114.105
MinimumVisualStudioVersion = 10.0.40219.1
Project("{FAE04EC0-301F-11D3-BF4B-00C04F79EFBC}") = "LeetCode", "src\LeetCode.csproj", "{981116E6-118D-454E-8078-5C770CF11BEF}"
EndProject
Project("{FAE04EC0-301F-11D3-BF4B-00C04F79EFBC}") = "test", "test\test.csproj", "{46343E6B-EBB9-414E-8BB2-BB95338D245F}"
EndProject
Global
	GlobalSection(SolutionConfigurationPlatforms) = preSolution
		Debug|Any CPU = Debug|Any CPU
		Debug|x64 = Debug|x64
		Debug|x86 = Debug|x86
		Release|Any CPU = Release|Any CPU
		Release|x64 = Release|x64
		Release|x86 = Release|x86
	EndGlobalSection
	GlobalSection(SolutionProperties) = preSolution
		HideSolutionNode = FALSE
	EndGlobalSection
	GlobalSection(ProjectConfigurationPlatforms) = postSolution
		{981116E6-118D-454E-8078-5C770CF11BEF}.Debug|Any CPU.ActiveCfg = Debug|Any CPU
		{981116E6-118D-454E-8078-5C770CF11BEF}.Debug|Any CPU.Build.0 = Debug|Any CPU
		{981116E6-118D-454E-8078-5C770CF11BEF}.Debug|x64.ActiveCfg = Debug|Any CPU
		{981116E6-118D-454E-8078-5C770CF11BEF}.Debug|x64.Build.0 = Debug|Any CPU
		{981116E6-118D-454E-8078-5C770CF11BEF}.Debug|x86.ActiveCfg = Debug|Any CPU
		{981116E6-118D-454E-8078-5C770CF11BEF}.Debug|x86.Build.0 = Debug|Any CPU
		{981116E6-118D-454E-8078-5C770CF11BEF}.Release|Any CPU.ActiveCfg = Release|Any CPU
		{981116E6-118D-454E-8078-5C770CF11BEF}.Release|Any CPU.Build.0 = Release|Any CPU
		{981116E6-118D-454E-8078-5C770CF11BEF}.Release|x64.ActiveCfg = Release|Any CPU
		{981116E6-118D-454E-8078-5C770CF11BEF}.Release|x64.Build.0 = Release|Any CPU
		{981116E6-118D-454E-8078-5C770CF11BEF}.Release|x86.ActiveCfg = Release|Any CPU
		{981116E6-118D-454E-8078-5C770CF11BEF}.Release|x86.Build.0 = Release|Any CPU
		{46343E6B-EBB9-414E-8BB2-BB95338D245F}.Debug|Any CPU.ActiveCfg = Debug|Any CPU
		{46343E6B-EBB9-414E-8BB2-BB95338D245F}.Debug|Any CPU.Build.0 = Debug|Any CPU
		{46343E6B-EBB9-414E-8BB2-BB95338D245F}.Debug|x64.ActiveCfg = Debug|Any CPU
		{46343E6B-EBB9-414E-8BB2-BB95338D245F}.Debug|x64.Build.0 = Debug|Any CPU
		{46343E6B-EBB9-414E-8BB2-BB95338D245F}.Debug|x86.ActiveCfg = Debug|Any CPU
		{46343E6B-EBB9-414E-8BB2-BB95338D245F}.Debug|x86.Build.0 = Debug|Any CPU
		{46343E6B-EBB9-414E-8BB2-BB95338D245F}.Release|Any CPU.ActiveCfg = Release|Any CPU
		{46343E6B-EBB9-414E-8BB2-BB95338D245F}.Release|Any CPU.Build.0 = Release|Any CPU
		{46343E6B-EBB9-414E-8BB2-BB95338D245F}.Release|x64.ActiveCfg = Release|Any CPU
		{46343E6B-EBB9-414E-8BB2-BB95338D245F}.Release|x64.Build.0 = Release|Any CPU
		{46343E6B-EBB9-414E-8BB2-BB95338D245F}.Release|x86.ActiveCfg = Release|Any CPU
		{46343E6B-EBB9-414E-8BB2-BB95338D245F}.Release|x86.Build.0 = Release|Any CPU
	EndGlobalSection
EndGlobal
